{
  "name": "test",
  "version": "1.0.0",
  "lockfileVersion": 1,
  "requires": true,
  "dependencies": {
    "async-limiter": {
      "version": "1.0.0",
      "resolved": "https://registry.npmjs.org/async-limiter/-/async-limiter-1.0.0.tgz",
      "integrity": "sha512-jp/uFnooOiO+L211eZOoSyzpOITMXx1rBITauYykG3BRYPu8h0UcxsPNB04RR5vo4Tyz3+ay17tR6JVf9qzYWg=="
    },
    "braincloud": {
      "version": "file:../deploy/node",
      "requires": {
        "form-data": "2.3.2",
        "get-user-locale": "1.1.1",
        "md5": "2.2.1",
        "node-localstorage": "1.3.1",
        "ws": "6.1.2",
        "xmlhttprequest": "1.8.0"
      },
      "dependencies": {
        "async-limiter": {
          "version": "1.0.0",
          "bundled": true
        },
        "asynckit": {
          "version": "0.4.0",
          "bundled": true
        },
        "charenc": {
          "version": "0.0.2",
          "bundled": true
        },
        "combined-stream": {
          "version": "1.0.6",
          "bundled": true,
          "requires": {
            "delayed-stream": "1.0.0"
          }
        },
        "crypt": {
          "version": "0.0.2",
          "bundled": true
        },
        "delayed-stream": {
          "version": "1.0.0",
          "bundled": true
        },
        "form-data": {
          "version": "2.3.2",
          "bundled": true,
          "requires": {
            "asynckit": "0.4.0",
            "combined-stream": "1.0.6",
            "mime-types": "2.1.18"
          }
        },
        "get-user-locale": {
          "version": "1.1.1",
          "bundled": true,
          "requires": {
            "lodash.once": "4.1.1"
          }
        },
        "graceful-fs": {
          "version": "4.1.11",
          "bundled": true
        },
        "imurmurhash": {
          "version": "0.1.4",
          "bundled": true
        },
        "is-buffer": {
          "version": "1.1.6",
          "bundled": true
        },
        "lodash.once": {
          "version": "4.1.1",
          "bundled": true
        },
        "md5": {
          "version": "2.2.1",
          "bundled": true,
          "requires": {
            "charenc": "0.0.2",
            "crypt": "0.0.2",
            "is-buffer": "1.1.6"
          }
        },
        "mime-db": {
          "version": "1.33.0",
          "bundled": true
        },
        "mime-types": {
          "version": "2.1.18",
          "bundled": true,
          "requires": {
            "mime-db": "1.33.0"
          }
        },
        "node-localstorage": {
          "version": "1.3.1",
          "bundled": true,
          "requires": {
            "write-file-atomic": "1.3.4"
          }
        },
        "slide": {
          "version": "1.1.6",
          "bundled": true
        },
        "write-file-atomic": {
          "version": "1.3.4",
          "bundled": true,
          "requires": {
            "graceful-fs": "4.1.11",
            "imurmurhash": "0.1.4",
            "slide": "1.1.6"
          }
        },
        "ws": {
          "version": "6.1.2",
          "bundled": true,
          "requires": {
            "async-limiter": "1.0.0"
          }
        },
        "xmlhttprequest": {
          "version": "1.8.0",
          "bundled": true
        }
      }
    },
    "fs": {
      "version": "0.0.1-security",
      "resolved": "https://registry.npmjs.org/fs/-/fs-0.0.1-security.tgz",
      "integrity": "sha1-invTcYa23d84E/I4WLV+yq9eQdQ="
    },
    "get-user-locale": {
      "version": "1.1.1",
      "resolved": "https://registry.npmjs.org/get-user-locale/-/get-user-locale-1.1.1.tgz",
      "integrity": "sha512-KuA+vMhsY+rSPK8hrmOvf7xXIMTs+L06RkgZ83jawZHSEqPLafZtQ63d3waXW3r8z6EQ49I/trraNncWM+s/2g==",
      "requires": {
        "lodash.once": "4.1.1"
      }
    },
    "isomorphic-ws": {
      "version": "4.0.1",
      "resolved": "https://registry.npmjs.org/isomorphic-ws/-/isomorphic-ws-4.0.1.tgz",
      "integrity": "sha512-BhBvN2MBpWTaSHdWRb/bwdZJ1WaehQ2L1KngkCkfLUGF0mAWAT1sQUQacEmQ0jXkFw/czDXPNQSL5u2/Krsz1w=="
    },
    "jquery-deferred": {
      "version": "0.3.1",
      "resolved": "https://registry.npmjs.org/jquery-deferred/-/jquery-deferred-0.3.1.tgz",
      "integrity": "sha1-WW7KHKr/VPYbEQlisjyv6nTDU1U="
    },
    "lodash.defaultsdeep": {
      "version": "4.6.0",
      "resolved": "https://registry.npmjs.org/lodash.defaultsdeep/-/lodash.defaultsdeep-4.6.0.tgz",
      "integrity": "sha1-vsECT4WxvZbL6kBbI8FK1kQ6b4E="
    },
    "lodash.once": {
      "version": "4.1.1",
      "resolved": "https://registry.npmjs.org/lodash.once/-/lodash.once-4.1.1.tgz",
      "integrity": "sha1-DdOXEhPHxW34gJd9UEyI+0cal6w="
    },
    "najax": {
      "version": "1.0.4",
      "resolved": "https://registry.npmjs.org/najax/-/najax-1.0.4.tgz",
      "integrity": "sha512-wsSacA+RkgY1wxRxXCT3tdqzmamEv9PLeoV/ub9SlLf2RngbPMSqc3A7H35XJDfURC0twMmZsnPdsYPkuuFSVg==",
      "requires": {
        "jquery-deferred": "0.3.1",
        "lodash.defaultsdeep": "4.6.0",
        "qs": "6.5.2"
      }
    },
    "qs": {
      "version": "6.5.2",
      "resolved": "https://registry.npmjs.org/qs/-/qs-6.5.2.tgz",
      "integrity": "sha512-N5ZAX4/LxJmF+7wN74pUD6qAh9/wnvdQcjq9TZjevvXzSUo7bfmw91saqMjzGS2xq91/odN2dW/WOl7qQHNDGA=="
    },
    "ws": {
      "version": "5.2.2",
      "resolved": "https://registry.npmjs.org/ws/-/ws-5.2.2.tgz",
      "integrity": "sha512-jaHFD6PFv6UgoIVda6qZllptQsMlDEJkTQcybzzXDYM1XO9Y8em691FGMPmM46WGyLU4z9KMgQN+qrux/nhlHA==",
      "requires": {
        "async-limiter": "1.0.0"
      }
    },
    "xmlhttprequest": {
      "version": "1.8.0",
      "resolved": "https://registry.npmjs.org/xmlhttprequest/-/xmlhttprequest-1.8.0.tgz",
      "integrity": "sha1-Z/4HXFwk/vOfnWX197f+dRcZaPw="
    }
  }
}
