{
  "name": "test",
  "version": "1.0.0",
  "lockfileVersion": 1,
  "requires": true,
  "dependencies": {
    "async-limiter": {
      "version": "1.0.1",
      "resolved": "https://registry.npmjs.org/async-limiter/-/async-limiter-1.0.1.tgz",
      "integrity": "sha512-csOlWGAcRFJaI6m+F2WKdnMKr4HhdhFVBk0H/QbJFMCr+uO2kwohwXQPxw/9OCxp05r5ghVBFSyioixx3gfkNQ=="
    },
    "braincloud": {
      "version": "file:../deploy/node",
      "requires": {
        "crypto-js": "^4.0.0",
        "form-data": "^2.3.2",
        "get-user-locale": "^1.3.0",
        "md5": "^2.2.1"
      },
      "dependencies": {
        "asynckit": {
          "version": "0.4.0",
          "resolved": "https://registry.npmjs.org/asynckit/-/asynckit-0.4.0.tgz",
          "integrity": "sha1-x57Zf380y48robyXkLzDZkdLS3k="
        },
        "charenc": {
          "version": "0.0.2",
          "resolved": "https://registry.npmjs.org/charenc/-/charenc-0.0.2.tgz",
          "integrity": "sha1-wKHS86cJLgN3S/qD8UwPxXkKhmc="
        },
        "combined-stream": {
          "version": "1.0.8",
          "resolved": "https://registry.npmjs.org/combined-stream/-/combined-stream-1.0.8.tgz",
          "integrity": "sha512-FQN4MRfuJeHf7cBbBMJFXhKSDq+2kAArBlmRBvcvFE5BB1HZKXtSFASDhdlz9zOYwxh8lDdnvmMOe/+5cdoEdg==",
          "requires": {
            "delayed-stream": "~1.0.0"
          }
        },
        "crypt": {
          "version": "0.0.2",
          "resolved": "https://registry.npmjs.org/crypt/-/crypt-0.0.2.tgz",
          "integrity": "sha1-iNf/fsDfuG9xPch7u0LQRNPmxBs="
        },
        "crypto-js": {
          "version": "4.0.0",
          "resolved": "https://registry.npmjs.org/crypto-js/-/crypto-js-4.0.0.tgz",
          "integrity": "sha512-bzHZN8Pn+gS7DQA6n+iUmBfl0hO5DJq++QP3U6uTucDtk/0iGpXd/Gg7CGR0p8tJhofJyaKoWBuJI4eAO00BBg=="
        },
        "delayed-stream": {
          "version": "1.0.0",
          "resolved": "https://registry.npmjs.org/delayed-stream/-/delayed-stream-1.0.0.tgz",
          "integrity": "sha1-3zrhmayt+31ECqrgsp4icrJOxhk="
        },
        "form-data": {
          "version": "2.5.1",
          "resolved": "https://registry.npmjs.org/form-data/-/form-data-2.5.1.tgz",
          "integrity": "sha512-m21N3WOmEEURgk6B9GLOE4RuWOFf28Lhh9qGYeNlGq4VDXUlJy2th2slBNU8Gp8EzloYZOibZJ7t5ecIrFSjVA==",
          "requires": {
            "asynckit": "^0.4.0",
            "combined-stream": "^1.0.6",
            "mime-types": "^2.1.12"
          }
        },
        "get-user-locale": {
          "version": "1.4.0",
          "resolved": "https://registry.npmjs.org/get-user-locale/-/get-user-locale-1.4.0.tgz",
          "integrity": "sha512-gQo03lP1OArHLKlnoglqrGGl7b04u2EP9Xutmp72cMdtrrSD7ZgIsCsUKZynYWLDkVJW33Cj3pliP7uP0UonHQ==",
          "requires": {
            "lodash.once": "^4.1.1"
          }
        },
        "is-buffer": {
          "version": "1.1.6",
          "resolved": "https://registry.npmjs.org/is-buffer/-/is-buffer-1.1.6.tgz",
          "integrity": "sha512-NcdALwpXkTm5Zvvbk7owOUSvVvBKDgKP5/ewfXEznmQFfs4ZRmanOeKBTjRVjka3QFoN6XJ+9F3USqfHqTaU5w=="
        },
        "lodash.once": {
          "version": "4.1.1",
          "resolved": "https://registry.npmjs.org/lodash.once/-/lodash.once-4.1.1.tgz",
          "integrity": "sha1-DdOXEhPHxW34gJd9UEyI+0cal6w="
        },
        "md5": {
          "version": "2.2.1",
          "resolved": "https://registry.npmjs.org/md5/-/md5-2.2.1.tgz",
          "integrity": "sha1-U6s41f48iJG6RlMp6iP6wFQBJvk=",
          "requires": {
            "charenc": "~0.0.1",
            "crypt": "~0.0.1",
            "is-buffer": "~1.1.1"
          }
        },
        "mime-db": {
          "version": "1.44.0",
          "resolved": "https://registry.npmjs.org/mime-db/-/mime-db-1.44.0.tgz",
          "integrity": "sha512-/NOTfLrsPBVeH7YtFPgsVWveuL+4SjjYxaQ1xtM1KMFj7HdxlBlxeyNLzhyJVx7r4rZGJAZ/6lkKCitSc/Nmpg=="
        },
        "mime-types": {
          "version": "2.1.27",
          "resolved": "https://registry.npmjs.org/mime-types/-/mime-types-2.1.27.tgz",
          "integrity": "sha512-JIhqnCasI9yD+SsmkquHBxTSEuZdQX5BuQnS2Vc7puQQQ+8yiP5AY5uWhpdv4YL4VM5c6iliiYWPgJ/nJQLp7w==",
          "requires": {
            "mime-db": "1.44.0"
          }
        }
      }
    },
    "call-bind": {
      "version": "1.0.2",
      "resolved": "https://registry.npmjs.org/call-bind/-/call-bind-1.0.2.tgz",
      "integrity": "sha512-7O+FbCihrB5WGbFYesctwmTKae6rOiIzmz1icreWJ+0aA7LJfuqhEso2T9ncpcFtzMQtzXf2QGGueWJGTYsqrA==",
      "requires": {
        "function-bind": "^1.1.1",
        "get-intrinsic": "^1.0.2"
      }
    },
    "function-bind": {
      "version": "1.1.1",
      "resolved": "https://registry.npmjs.org/function-bind/-/function-bind-1.1.1.tgz",
      "integrity": "sha512-yIovAzMX49sF8Yl58fSCWJ5svSLuaibPxXQJFLmBObTuCr0Mf1KiPopGM9NiFjiYBCbfaa2Fh6breQ6ANVTI0A=="
    },
    "get-intrinsic": {
      "version": "1.1.1",
      "resolved": "https://registry.npmjs.org/get-intrinsic/-/get-intrinsic-1.1.1.tgz",
      "integrity": "sha512-kWZrnVM42QCiEA2Ig1bG8zjoIMOgxWwYCEeNdwY6Tv/cOSeGpcoX4pXHfKUxNKVoArnrEr2e9srnAxxGIraS9Q==",
      "requires": {
        "function-bind": "^1.1.1",
        "has": "^1.0.3",
        "has-symbols": "^1.0.1"
      }
    },
    "get-user-locale": {
      "version": "1.4.0",
      "resolved": "https://registry.npmjs.org/get-user-locale/-/get-user-locale-1.4.0.tgz",
      "integrity": "sha512-gQo03lP1OArHLKlnoglqrGGl7b04u2EP9Xutmp72cMdtrrSD7ZgIsCsUKZynYWLDkVJW33Cj3pliP7uP0UonHQ==",
      "requires": {
        "lodash.once": "^4.1.1"
      }
    },
    "graceful-fs": {
      "version": "4.2.2",
      "resolved": "https://registry.npmjs.org/graceful-fs/-/graceful-fs-4.2.2.tgz",
      "integrity": "sha512-IItsdsea19BoLC7ELy13q1iJFNmd7ofZH5+X/pJr90/nRoPEX0DJo1dHDbgtYWOhJhcCgMDTOw84RZ72q6lB+Q=="
    },
    "has": {
      "version": "1.0.3",
      "resolved": "https://registry.npmjs.org/has/-/has-1.0.3.tgz",
      "integrity": "sha512-f2dvO0VU6Oej7RkWJGrehjbzMAjFp5/VKPp5tTpWIV4JHHZK1/BxbFRtf/siA2SWTe09caDmVtYYzWEIbBS4zw==",
      "requires": {
        "function-bind": "^1.1.1"
      }
    },
    "has-symbols": {
      "version": "1.0.2",
      "resolved": "https://registry.npmjs.org/has-symbols/-/has-symbols-1.0.2.tgz",
      "integrity": "sha512-chXa79rL/UC2KlX17jo3vRGz0azaWEx5tGqZg5pO3NUyEJVB17dMruQlzCCOfUvElghKcm5194+BCRvi2Rv/Gw=="
    },
    "imurmurhash": {
      "version": "0.1.4",
      "resolved": "https://registry.npmjs.org/imurmurhash/-/imurmurhash-0.1.4.tgz",
      "integrity": "sha1-khi5srkoojixPcT7a21XbyMUU+o="
    },
    "isomorphic-ws": {
      "version": "4.0.1",
      "resolved": "https://registry.npmjs.org/isomorphic-ws/-/isomorphic-ws-4.0.1.tgz",
      "integrity": "sha512-BhBvN2MBpWTaSHdWRb/bwdZJ1WaehQ2L1KngkCkfLUGF0mAWAT1sQUQacEmQ0jXkFw/czDXPNQSL5u2/Krsz1w=="
    },
    "jquery-deferred": {
      "version": "0.3.1",
      "resolved": "https://registry.npmjs.org/jquery-deferred/-/jquery-deferred-0.3.1.tgz",
      "integrity": "sha1-WW7KHKr/VPYbEQlisjyv6nTDU1U="
    },
    "lodash": {
      "version": "4.17.21",
      "resolved": "https://registry.npmjs.org/lodash/-/lodash-4.17.21.tgz",
      "integrity": "sha512-v2kDEe57lecTulaDIuNTPy3Ry4gLGJ6Z1O3vE1krgXZNrsQ+LFTGHVxVjcXPs17LhbZVGedAJv8XZ1tvj5FvSg=="
    },
    "lodash.once": {
      "version": "4.1.1",
      "resolved": "https://registry.npmjs.org/lodash.once/-/lodash.once-4.1.1.tgz",
      "integrity": "sha1-DdOXEhPHxW34gJd9UEyI+0cal6w="
    },
    "najax": {
      "version": "1.0.7",
      "resolved": "https://registry.npmjs.org/najax/-/najax-1.0.7.tgz",
      "integrity": "sha512-JqBMguf2plv1IDqhOE6eebnTivjS/ej0C/Sw831jVc+dRQIMK37oyktdQCGAQtwpl5DikOWI2xGfIlBPSSLgXg==",
      "requires": {
        "jquery-deferred": "^0.3.0",
        "lodash": "^4.17.21",
        "qs": "^6.2.0"
      }
    },
    "node-localstorage": {
      "version": "1.3.1",
      "resolved": "https://registry.npmjs.org/node-localstorage/-/node-localstorage-1.3.1.tgz",
      "integrity": "sha512-NMWCSWWc6JbHT5PyWlNT2i8r7PgGYXVntmKawY83k/M0UJScZ5jirb61TLnqKwd815DfBQu+lR3sRw08SPzIaQ==",
      "requires": {
        "write-file-atomic": "^1.1.4"
      }
    },
    "object-inspect": {
      "version": "1.10.3",
      "resolved": "https://registry.npmjs.org/object-inspect/-/object-inspect-1.10.3.tgz",
      "integrity": "sha512-e5mCJlSH7poANfC8z8S9s9S2IN5/4Zb3aZ33f5s8YqoazCFzNLloLU8r5VCG+G7WoqLvAAZoVMcy3tp/3X0Plw=="
    },
    "qs": {
      "version": "6.10.1",
      "resolved": "https://registry.npmjs.org/qs/-/qs-6.10.1.tgz",
      "integrity": "sha512-M528Hph6wsSVOBiYUnGf+K/7w0hNshs/duGsNXPUCLH5XAqjEtiPGwNONLV0tBH8NoGb0mvD5JubnUTrujKDTg==",
      "requires": {
        "side-channel": "^1.0.4"
      }
    },
    "side-channel": {
      "version": "1.0.4",
      "resolved": "https://registry.npmjs.org/side-channel/-/side-channel-1.0.4.tgz",
      "integrity": "sha512-q5XPytqFEIKHkGdiMIrY10mvLRvnQh42/+GoBlFW3b2LXLE2xxJpZFdm94we0BaoV3RwJyGqg5wS7epxTv0Zvw==",
      "requires": {
        "call-bind": "^1.0.0",
        "get-intrinsic": "^1.0.2",
        "object-inspect": "^1.9.0"
      }
    },
    "slide": {
      "version": "1.1.6",
      "resolved": "https://registry.npmjs.org/slide/-/slide-1.1.6.tgz",
      "integrity": "sha1-VusCfWW00tzmyy4tMsTUr8nh1wc="
    },
    "write-file-atomic": {
      "version": "1.3.4",
      "resolved": "https://registry.npmjs.org/write-file-atomic/-/write-file-atomic-1.3.4.tgz",
      "integrity": "sha1-+Aek8LHZ6ROuekgRLmzDrxmRtF8=",
      "requires": {
        "graceful-fs": "^4.1.11",
        "imurmurhash": "^0.1.4",
        "slide": "^1.1.5"
      }
    },
    "ws": {
      "version": "6.2.2",
      "resolved": "https://registry.npmjs.org/ws/-/ws-6.2.2.tgz",
      "integrity": "sha512-zmhltoSR8u1cnDsD43TX59mzoMZsLKqUweyYBAIvTngR3shc0W6aOZylZmq/7hqyVxPdi+5Ud2QInblgyE72fw==",
      "requires": {
        "async-limiter": "~1.0.0"
      }
    },
    "xmlhttprequest": {
      "version": "1.8.0",
      "resolved": "https://registry.npmjs.org/xmlhttprequest/-/xmlhttprequest-1.8.0.tgz",
      "integrity": "sha1-Z/4HXFwk/vOfnWX197f+dRcZaPw="
    }
  }
}
